
Microsoft Visual Studio Solution File, Format Version 12.00
# Visual Studio Version 16
VisualStudioVersion = 16.0.31624.102
MinimumVisualStudioVersion = 10.0.40219.1
Project("{FAE04EC0-301F-11D3-BF4B-00C04F79EFBC}") = "task1", "task1.csproj", "{89A415CC-B555-450B-811E-8B88F2244EA3}"
EndProject
Global
	GlobalSection(SolutionConfigurationPlatforms) = preSolution
		Debug|Any CPU = Debug|Any CPU
		Release|Any CPU = Release|Any CPU
	EndGlobalSection
	GlobalSection(ProjectConfigurationPlatforms) = postSolution
		{89A415CC-B555-450B-811E-8B88F2244EA3}.Debug|Any CPU.ActiveCfg = Debug|Any CPU
		{89A415CC-B555-450B-811E-8B88F2244EA3}.Debug|Any CPU.Build.0 = Debug|Any CPU
		{89A415CC-B555-450B-811E-8B88F2244EA3}.Release|Any CPU.ActiveCfg = Release|Any CPU
		{89A415CC-B555-450B-811E-8B88F2244EA3}.Release|Any CPU.Build.0 = Release|Any CPU
	EndGlobalSection
	GlobalSection(SolutionProperties) = preSolution
		HideSolutionNode = FALSE
	EndGlobalSection
	GlobalSection(ExtensibilityGlobals) = postSolution
		SolutionGuid = {33809C69-ECBE-44A5-96BC-0403C2F441CD}
	EndGlobalSection
EndGlobal
